// !$*UTF8*$!
{
	archiveVersion = 1;
	classes = {
	};
	objectVersion = 51;
	objects = {

/* Begin PBXBuildFile section */
		40E680BB1D5DD246204BCAAB /* Pods_NoCaption.framework in Frameworks */ = {isa = PBXBuildFile; fileRef = E4F16B16F6FA88D63A2D58D5 /* Pods_NoCaption.framework */; };
		A1446F3B23E548230062D846 /* AppDelegate.swift in Sources */ = {isa = PBXBuildFile; fileRef = A1446F3A23E548230062D846 /* AppDelegate.swift */; };
		A1446F3D23E548230062D846 /* SceneDelegate.swift in Sources */ = {isa = PBXBuildFile; fileRef = A1446F3C23E548230062D846 /* SceneDelegate.swift */; };
		A1446F3F23E548230062D846 /* ViewController.swift in Sources */ = {isa = PBXBuildFile; fileRef = A1446F3E23E548230062D846 /* ViewController.swift */; };
		A1446F4223E548230062D846 /* Main.storyboard in Resources */ = {isa = PBXBuildFile; fileRef = A1446F4023E548230062D846 /* Main.storyboard */; };
		A1446F4423E548250062D846 /* Assets.xcassets in Resources */ = {isa = PBXBuildFile; fileRef = A1446F4323E548250062D846 /* Assets.xcassets */; };
		A1446F4723E548250062D846 /* LaunchScreen.storyboard in Resources */ = {isa = PBXBuildFile; fileRef = A1446F4523E548250062D846 /* LaunchScreen.storyboard */; };
		A1446F4F23E54C3C0062D846 /* Extensions.swift in Sources */ = {isa = PBXBuildFile; fileRef = A1446F4E23E54C3C0062D846 /* Extensions.swift */; };
		A1446F5123E5747A0062D846 /* WordSelectViewController.swift in Sources */ = {isa = PBXBuildFile; fileRef = A1446F5023E5747A0062D846 /* WordSelectViewController.swift */; };
		A1446F5323E59FFB0062D846 /* ImageReviewViewController.swift in Sources */ = {isa = PBXBuildFile; fileRef = A1446F5223E59FFB0062D846 /* ImageReviewViewController.swift */; };
		A1446F5523E5A7EC0062D846 /* ResultsViewController.swift in Sources */ = {isa = PBXBuildFile; fileRef = A1446F5423E5A7EC0062D846 /* ResultsViewController.swift */; };
		A1ABBB3823E5D97600992D0E /* ResultTableViewCell.swift in Sources */ = {isa = PBXBuildFile; fileRef = A1ABBB3723E5D97600992D0E /* ResultTableViewCell.swift */; };
/* End PBXBuildFile section */

/* Begin PBXFileReference section */
		30F9184AB018BFA4CA5A48C9 /* Pods-NoCaption.release.xcconfig */ = {isa = PBXFileReference; includeInIndex = 1; lastKnownFileType = text.xcconfig; name = "Pods-NoCaption.release.xcconfig"; path = "Target Support Files/Pods-NoCaption/Pods-NoCaption.release.xcconfig"; sourceTree = "<group>"; };
		99DD9D439721C50B70F2DE6E /* Pods-NoCaption.debug.xcconfig */ = {isa = PBXFileReference; includeInIndex = 1; lastKnownFileType = text.xcconfig; name = "Pods-NoCaption.debug.xcconfig"; path = "Target Support Files/Pods-NoCaption/Pods-NoCaption.debug.xcconfig"; sourceTree = "<group>"; };
		A1446F3723E548230062D846 /* NoCap(tion).app */ = {isa = PBXFileReference; explicitFileType = wrapper.application; includeInIndex = 0; path = "NoCap(tion).app"; sourceTree = BUILT_PRODUCTS_DIR; };
		A1446F3A23E548230062D846 /* AppDelegate.swift */ = {isa = PBXFileReference; lastKnownFileType = sourcecode.swift; path = AppDelegate.swift; sourceTree = "<group>"; };
		A1446F3C23E548230062D846 /* SceneDelegate.swift */ = {isa = PBXFileReference; lastKnownFileType = sourcecode.swift; path = SceneDelegate.swift; sourceTree = "<group>"; };
		A1446F3E23E548230062D846 /* ViewController.swift */ = {isa = PBXFileReference; lastKnownFileType = sourcecode.swift; path = ViewController.swift; sourceTree = "<group>"; };
		A1446F4123E548230062D846 /* Base */ = {isa = PBXFileReference; lastKnownFileType = file.storyboard; name = Base; path = Base.lproj/Main.storyboard; sourceTree = "<group>"; };
		A1446F4323E548250062D846 /* Assets.xcassets */ = {isa = PBXFileReference; lastKnownFileType = folder.assetcatalog; path = Assets.xcassets; sourceTree = "<group>"; };
		A1446F4623E548250062D846 /* Base */ = {isa = PBXFileReference; lastKnownFileType = file.storyboard; name = Base; path = Base.lproj/LaunchScreen.storyboard; sourceTree = "<group>"; };
		A1446F4823E548250062D846 /* Info.plist */ = {isa = PBXFileReference; lastKnownFileType = text.plist.xml; path = Info.plist; sourceTree = "<group>"; };
		A1446F4E23E54C3C0062D846 /* Extensions.swift */ = {isa = PBXFileReference; lastKnownFileType = sourcecode.swift; path = Extensions.swift; sourceTree = "<group>"; };
		A1446F5023E5747A0062D846 /* WordSelectViewController.swift */ = {isa = PBXFileReference; lastKnownFileType = sourcecode.swift; path = WordSelectViewController.swift; sourceTree = "<group>"; };
		A1446F5223E59FFB0062D846 /* ImageReviewViewController.swift */ = {isa = PBXFileReference; lastKnownFileType = sourcecode.swift; path = ImageReviewViewController.swift; sourceTree = "<group>"; };
		A1446F5423E5A7EC0062D846 /* ResultsViewController.swift */ = {isa = PBXFileReference; lastKnownFileType = sourcecode.swift; path = ResultsViewController.swift; sourceTree = "<group>"; };
		A1ABBB3723E5D97600992D0E /* ResultTableViewCell.swift */ = {isa = PBXFileReference; lastKnownFileType = sourcecode.swift; path = ResultTableViewCell.swift; sourceTree = "<group>"; };
		E4F16B16F6FA88D63A2D58D5 /* Pods_NoCaption.framework */ = {isa = PBXFileReference; explicitFileType = wrapper.framework; includeInIndex = 0; path = Pods_NoCaption.framework; sourceTree = BUILT_PRODUCTS_DIR; };
/* End PBXFileReference section */

/* Begin PBXFrameworksBuildPhase section */
		A1446F3423E548230062D846 /* Frameworks */ = {
			isa = PBXFrameworksBuildPhase;
			buildActionMask = 2147483647;
			files = (
				40E680BB1D5DD246204BCAAB /* Pods_NoCaption.framework in Frameworks */,
			);
			runOnlyForDeploymentPostprocessing = 0;
		};
/* End PBXFrameworksBuildPhase section */

/* Begin PBXGroup section */
		557FE532E7BCEDF85ECEDA7B /* Frameworks */ = {
			isa = PBXGroup;
			children = (
				E4F16B16F6FA88D63A2D58D5 /* Pods_NoCaption.framework */,
			);
			name = Frameworks;
			sourceTree = "<group>";
		};
		9B8CE910F1FBE773ECA1780E /* Pods */ = {
			isa = PBXGroup;
			children = (
				99DD9D439721C50B70F2DE6E /* Pods-NoCaption.debug.xcconfig */,
				30F9184AB018BFA4CA5A48C9 /* Pods-NoCaption.release.xcconfig */,
			);
			path = Pods;
			sourceTree = "<group>";
		};
		A1446F2E23E548230062D846 = {
			isa = PBXGroup;
			children = (
				A1446F3923E548230062D846 /* NoCaption */,
				A1446F3823E548230062D846 /* Products */,
				9B8CE910F1FBE773ECA1780E /* Pods */,
				557FE532E7BCEDF85ECEDA7B /* Frameworks */,
			);
			sourceTree = "<group>";
		};
		A1446F3823E548230062D846 /* Products */ = {
			isa = PBXGroup;
			children = (
				A1446F3723E548230062D846 /* NoCap(tion).app */,
			);
			name = Products;
			sourceTree = "<group>";
		};
		A1446F3923E548230062D846 /* NoCaption */ = {
			isa = PBXGroup;
			children = (
				A1446F3A23E548230062D846 /* AppDelegate.swift */,
				A1446F3C23E548230062D846 /* SceneDelegate.swift */,
				A1446F3E23E548230062D846 /* ViewController.swift */,
				A1446F5023E5747A0062D846 /* WordSelectViewController.swift */,
				A1446F5223E59FFB0062D846 /* ImageReviewViewController.swift */,
				A1446F5423E5A7EC0062D846 /* ResultsViewController.swift */,
				A1ABBB3723E5D97600992D0E /* ResultTableViewCell.swift */,
				A1446F4E23E54C3C0062D846 /* Extensions.swift */,
				A1446F4023E548230062D846 /* Main.storyboard */,
				A1446F4323E548250062D846 /* Assets.xcassets */,
				A1446F4523E548250062D846 /* LaunchScreen.storyboard */,
				A1446F4823E548250062D846 /* Info.plist */,
			);
			path = NoCaption;
			sourceTree = "<group>";
		};
/* End PBXGroup section */

/* Begin PBXNativeTarget section */
		A1446F3623E548230062D846 /* NoCaption */ = {
			isa = PBXNativeTarget;
			buildConfigurationList = A1446F4B23E548250062D846 /* Build configuration list for PBXNativeTarget "NoCaption" */;
			buildPhases = (
				96758F591BAE6D616BBF2D64 /* [CP] Check Pods Manifest.lock */,
				A1446F3323E548230062D846 /* Sources */,
				A1446F3423E548230062D846 /* Frameworks */,
				A1446F3523E548230062D846 /* Resources */,
				FC2AFB0186B1E7E392B6D2F0 /* [CP] Embed Pods Frameworks */,
			);
			buildRules = (
			);
			dependencies = (
			);
			name = NoCaption;
			productName = NoCaption;
			productReference = A1446F3723E548230062D846 /* NoCap(tion).app */;
			productType = "com.apple.product-type.application";
		};
/* End PBXNativeTarget section */

/* Begin PBXProject section */
		A1446F2F23E548230062D846 /* Project object */ = {
			isa = PBXProject;
			attributes = {
				LastSwiftUpdateCheck = 1130;
				LastUpgradeCheck = 1130;
				ORGANIZATIONNAME = Chris;
				TargetAttributes = {
					A1446F3623E548230062D846 = {
						CreatedOnToolsVersion = 11.3;
					};
				};
			};
			buildConfigurationList = A1446F3223E548230062D846 /* Build configuration list for PBXProject "NoCap(tion)" */;
			compatibilityVersion = "Xcode 9.3";
			developmentRegion = en;
			hasScannedForEncodings = 0;
			knownRegions = (
				en,
				Base,
			);
			mainGroup = A1446F2E23E548230062D846;
			productRefGroup = A1446F3823E548230062D846 /* Products */;
			projectDirPath = "";
			projectRoot = "";
			targets = (
				A1446F3623E548230062D846 /* NoCaption */,
			);
		};
/* End PBXProject section */

/* Begin PBXResourcesBuildPhase section */
		A1446F3523E548230062D846 /* Resources */ = {
			isa = PBXResourcesBuildPhase;
			buildActionMask = 2147483647;
			files = (
				A1446F4723E548250062D846 /* LaunchScreen.storyboard in Resources */,
				A1446F4423E548250062D846 /* Assets.xcassets in Resources */,
				A1446F4223E548230062D846 /* Main.storyboard in Resources */,
			);
			runOnlyForDeploymentPostprocessing = 0;
		};
/* End PBXResourcesBuildPhase section */

/* Begin PBXShellScriptBuildPhase section */
		96758F591BAE6D616BBF2D64 /* [CP] Check Pods Manifest.lock */ = {
			isa = PBXShellScriptBuildPhase;
			buildActionMask = 2147483647;
			files = (
			);
			inputFileListPaths = (
			);
			inputPaths = (
				"${PODS_PODFILE_DIR_PATH}/Podfile.lock",
				"${PODS_ROOT}/Manifest.lock",
			);
			name = "[CP] Check Pods Manifest.lock";
			outputFileListPaths = (
			);
			outputPaths = (
				"$(DERIVED_FILE_DIR)/Pods-NoCaption-checkManifestLockResult.txt",
			);
			runOnlyForDeploymentPostprocessing = 0;
			shellPath = /bin/sh;
			shellScript = "diff \"${PODS_PODFILE_DIR_PATH}/Podfile.lock\" \"${PODS_ROOT}/Manifest.lock\" > /dev/null\nif [ $? != 0 ] ; then\n    # print error to STDERR\n    echo \"error: The sandbox is not in sync with the Podfile.lock. Run 'pod install' or update your CocoaPods installation.\" >&2\n    exit 1\nfi\n# This output is used by Xcode 'outputs' to avoid re-running this script phase.\necho \"SUCCESS\" > \"${SCRIPT_OUTPUT_FILE_0}\"\n";
			showEnvVarsInLog = 0;
		};
		FC2AFB0186B1E7E392B6D2F0 /* [CP] Embed Pods Frameworks */ = {
			isa = PBXShellScriptBuildPhase;
			buildActionMask = 2147483647;
			files = (
			);
			inputFileListPaths = (
				"${PODS_ROOT}/Target Support Files/Pods-NoCaption/Pods-NoCaption-frameworks-${CONFIGURATION}-input-files.xcfilelist",
			);
			name = "[CP] Embed Pods Frameworks";
			outputFileListPaths = (
				"${PODS_ROOT}/Target Support Files/Pods-NoCaption/Pods-NoCaption-frameworks-${CONFIGURATION}-output-files.xcfilelist",
			);
			runOnlyForDeploymentPostprocessing = 0;
			shellPath = /bin/sh;
			shellScript = "\"${PODS_ROOT}/Target Support Files/Pods-NoCaption/Pods-NoCaption-frameworks.sh\"\n";
			showEnvVarsInLog = 0;
		};
/* End PBXShellScriptBuildPhase section */

/* Begin PBXSourcesBuildPhase section */
		A1446F3323E548230062D846 /* Sources */ = {
			isa = PBXSourcesBuildPhase;
			buildActionMask = 2147483647;
			files = (
				A1446F5323E59FFB0062D846 /* ImageReviewViewController.swift in Sources */,
				A1446F3F23E548230062D846 /* ViewController.swift in Sources */,
				A1446F3B23E548230062D846 /* AppDelegate.swift in Sources */,
				A1446F5523E5A7EC0062D846 /* ResultsViewController.swift in Sources */,
				A1446F3D23E548230062D846 /* SceneDelegate.swift in Sources */,
				A1446F5123E5747A0062D846 /* WordSelectViewController.swift in Sources */,
				A1ABBB3823E5D97600992D0E /* ResultTableViewCell.swift in Sources */,
				A1446F4F23E54C3C0062D846 /* Extensions.swift in Sources */,
			);
			runOnlyForDeploymentPostprocessing = 0;
		};
/* End PBXSourcesBuildPhase section */

/* Begin PBXVariantGroup section */
		A1446F4023E548230062D846 /* Main.storyboard */ = {
			isa = PBXVariantGroup;
			children = (
				A1446F4123E548230062D846 /* Base */,
			);
			name = Main.storyboard;
			sourceTree = "<group>";
		};
		A1446F4523E548250062D846 /* LaunchScreen.storyboard */ = {
			isa = PBXVariantGroup;
			children = (
				A1446F4623E548250062D846 /* Base */,
			);
			name = LaunchScreen.storyboard;
			sourceTree = "<group>";
		};
/* End PBXVariantGroup section */

/* Begin XCBuildConfiguration section */
		A1446F4923E548250062D846 /* Debug */ = {
			isa = XCBuildConfiguration;
			buildSettings = {
				ALWAYS_SEARCH_USER_PATHS = NO;
				CLANG_ANALYZER_NONNULL = YES;
				CLANG_ANALYZER_NUMBER_OBJECT_CONVERSION = YES_AGGRESSIVE;
				CLANG_CXX_LANGUAGE_STANDARD = "gnu++14";
				CLANG_CXX_LIBRARY = "libc++";
				CLANG_ENABLE_MODULES = YES;
				CLANG_ENABLE_OBJC_ARC = YES;
				CLANG_ENABLE_OBJC_WEAK = YES;
				CLANG_WARN_BLOCK_CAPTURE_AUTORELEASING = YES;
				CLANG_WARN_BOOL_CONVERSION = YES;
				CLANG_WARN_COMMA = YES;
				CLANG_WARN_CONSTANT_CONVERSION = YES;
				CLANG_WARN_DEPRECATED_OBJC_IMPLEMENTATIONS = YES;
				CLANG_WARN_DIRECT_OBJC_ISA_USAGE = YES_ERROR;
				CLANG_WARN_DOCUMENTATION_COMMENTS = YES;
				CLANG_WARN_EMPTY_BODY = YES;
				CLANG_WARN_ENUM_CONVERSION = YES;
				CLANG_WARN_INFINITE_RECURSION = YES;
				CLANG_WARN_INT_CONVERSION = YES;
				CLANG_WARN_NON_LITERAL_NULL_CONVERSION = YES;
				CLANG_WARN_OBJC_IMPLICIT_RETAIN_SELF = YES;
				CLANG_WARN_OBJC_LITERAL_CONVERSION = YES;
				CLANG_WARN_OBJC_ROOT_CLASS = YES_ERROR;
				CLANG_WARN_RANGE_LOOP_ANALYSIS = YES;
				CLANG_WARN_STRICT_PROTOTYPES = YES;
				CLANG_WARN_SUSPICIOUS_MOVE = YES;
				CLANG_WARN_UNGUARDED_AVAILABILITY = YES_AGGRESSIVE;
				CLANG_WARN_UNREACHABLE_CODE = YES;
				CLANG_WARN__DUPLICATE_METHOD_MATCH = YES;
				COPY_PHASE_STRIP = NO;
				DEBUG_INFORMATION_FORMAT = dwarf;
				ENABLE_STRICT_OBJC_MSGSEND = YES;
				ENABLE_TESTABILITY = YES;
				GCC_C_LANGUAGE_STANDARD = gnu11;
				GCC_DYNAMIC_NO_PIC = NO;
				GCC_NO_COMMON_BLOCKS = YES;
				GCC_OPTIMIZATION_LEVEL = 0;
				GCC_PREPROCESSOR_DEFINITIONS = (
					"DEBUG=1",
					"$(inherited)",
				);
				GCC_WARN_64_TO_32_BIT_CONVERSION = YES;
				GCC_WARN_ABOUT_RETURN_TYPE = YES_ERROR;
				GCC_WARN_UNDECLARED_SELECTOR = YES;
				GCC_WARN_UNINITIALIZED_AUTOS = YES_AGGRESSIVE;
				GCC_WARN_UNUSED_FUNCTION = YES;
				GCC_WARN_UNUSED_VARIABLE = YES;
				IPHONEOS_DEPLOYMENT_TARGET = 13.2;
				MTL_ENABLE_DEBUG_INFO = INCLUDE_SOURCE;
				MTL_FAST_MATH = YES;
				ONLY_ACTIVE_ARCH = YES;
				SDKROOT = iphoneos;
				SWIFT_ACTIVE_COMPILATION_CONDITIONS = DEBUG;
				SWIFT_OPTIMIZATION_LEVEL = "-Onone";
			};
			name = Debug;
		};
		A1446F4A23E548250062D846 /* Release */ = {
			isa = XCBuildConfiguration;
			buildSettings = {
				ALWAYS_SEARCH_USER_PATHS = NO;
				CLANG_ANALYZER_NONNULL = YES;
				CLANG_ANALYZER_NUMBER_OBJECT_CONVERSION = YES_AGGRESSIVE;
				CLANG_CXX_LANGUAGE_STANDARD = "gnu++14";
				CLANG_CXX_LIBRARY = "libc++";
				CLANG_ENABLE_MODULES = YES;
				CLANG_ENABLE_OBJC_ARC = YES;
				CLANG_ENABLE_OBJC_WEAK = YES;
				CLANG_WARN_BLOCK_CAPTURE_AUTORELEASING = YES;
				CLANG_WARN_BOOL_CONVERSION = YES;
				CLANG_WARN_COMMA = YES;
				CLANG_WARN_CONSTANT_CONVERSION = YES;
				CLANG_WARN_DEPRECATED_OBJC_IMPLEMENTATIONS = YES;
				CLANG_WARN_DIRECT_OBJC_ISA_USAGE = YES_ERROR;
				CLANG_WARN_DOCUMENTATION_COMMENTS = YES;
				CLANG_WARN_EMPTY_BODY = YES;
				CLANG_WARN_ENUM_CONVERSION = YES;
				CLANG_WARN_INFINITE_RECURSION = YES;
				CLANG_WARN_INT_CONVERSION = YES;
				CLANG_WARN_NON_LITERAL_NULL_CONVERSION = YES;
				CLANG_WARN_OBJC_IMPLICIT_RETAIN_SELF = YES;
				CLANG_WARN_OBJC_LITERAL_CONVERSION = YES;
				CLANG_WARN_OBJC_ROOT_CLASS = YES_ERROR;
				CLANG_WARN_RANGE_LOOP_ANALYSIS = YES;
				CLANG_WARN_STRICT_PROTOTYPES = YES;
				CLANG_WARN_SUSPICIOUS_MOVE = YES;
				CLANG_WARN_UNGUARDED_AVAILABILITY = YES_AGGRESSIVE;
				CLANG_WARN_UNREACHABLE_CODE = YES;
				CLANG_WARN__DUPLICATE_METHOD_MATCH = YES;
				COPY_PHASE_STRIP = NO;
				DEBUG_INFORMATION_FORMAT = "dwarf-with-dsym";
				ENABLE_NS_ASSERTIONS = NO;
				ENABLE_STRICT_OBJC_MSGSEND = YES;
				GCC_C_LANGUAGE_STANDARD = gnu11;
				GCC_NO_COMMON_BLOCKS = YES;
				GCC_WARN_64_TO_32_BIT_CONVERSION = YES;
				GCC_WARN_ABOUT_RETURN_TYPE = YES_ERROR;
				GCC_WARN_UNDECLARED_SELECTOR = YES;
				GCC_WARN_UNINITIALIZED_AUTOS = YES_AGGRESSIVE;
				GCC_WARN_UNUSED_FUNCTION = YES;
				GCC_WARN_UNUSED_VARIABLE = YES;
				IPHONEOS_DEPLOYMENT_TARGET = 13.2;
				MTL_ENABLE_DEBUG_INFO = NO;
				MTL_FAST_MATH = YES;
				SDKROOT = iphoneos;
				SWIFT_COMPILATION_MODE = wholemodule;
				SWIFT_OPTIMIZATION_LEVEL = "-O";
				VALIDATE_PRODUCT = YES;
			};
			name = Release;
		};
		A1446F4C23E548250062D846 /* Debug */ = {
			isa = XCBuildConfiguration;
			baseConfigurationReference = 99DD9D439721C50B70F2DE6E /* Pods-NoCaption.debug.xcconfig */;
			buildSettings = {
				ASSETCATALOG_COMPILER_APPICON_NAME = AppIcon;
				CODE_SIGN_STYLE = Automatic;
				DEVELOPMENT_TEAM = GS4NV7H2UK;
				INFOPLIST_FILE = NoCaption/Info.plist;
				LD_RUNPATH_SEARCH_PATHS = (
					"$(inherited)",
					"@executable_path/Frameworks",
				);
				PRODUCT_BUNDLE_IDENTIFIER = com.BuddyApps.NoCaption;
				PRODUCT_NAME = "NoCap(tion)";
				SWIFT_VERSION = 5.0;
				TARGETED_DEVICE_FAMILY = 1;
			};
			name = Debug;
		};
		A1446F4D23E548250062D846 /* Release */ = {
			isa = XCBuildConfiguration;
			baseConfigurationReference = 30F9184AB018BFA4CA5A48C9 /* Pods-NoCaption.release.xcconfig */;
			buildSettings = {
				ASSETCATALOG_COMPILER_APPICON_NAME = AppIcon;
				CODE_SIGN_STYLE = Automatic;
				DEVELOPMENT_TEAM = GS4NV7H2UK;
				INFOPLIST_FILE = NoCaption/Info.plist;
				LD_RUNPATH_SEARCH_PATHS = (
					"$(inherited)",
					"@executable_path/Frameworks",
				);
				PRODUCT_BUNDLE_IDENTIFIER = com.BuddyApps.NoCaption;
				PRODUCT_NAME = "NoCap(tion)";
				SWIFT_VERSION = 5.0;
				TARGETED_DEVICE_FAMILY = 1;
			};
			name = Release;
		};
/* End XCBuildConfiguration section */

/* Begin XCConfigurationList section */
		A1446F3223E548230062D846 /* Build configuration list for PBXProject "NoCap(tion)" */ = {
			isa = XCConfigurationList;
			buildConfigurations = (
				A1446F4923E548250062D846 /* Debug */,
				A1446F4A23E548250062D846 /* Release */,
			);
			defaultConfigurationIsVisible = 0;
			defaultConfigurationName = Release;
		};
		A1446F4B23E548250062D846 /* Build configuration list for PBXNativeTarget "NoCaption" */ = {
			isa = XCConfigurationList;
			buildConfigurations = (
				A1446F4C23E548250062D846 /* Debug */,
				A1446F4D23E548250062D846 /* Release */,
			);
			defaultConfigurationIsVisible = 0;
			defaultConfigurationName = Release;
		};
/* End XCConfigurationList section */
	};
	rootObject = A1446F2F23E548230062D846 /* Project object */;
}
